
Microsoft Visual Studio Solution File, Format Version 12.00
# Visual Studio Version 17
VisualStudioVersion = 17.13.35818.85 d17.13
MinimumVisualStudioVersion = 10.0.40219.1
Project("{888888A0-9F3D-457C-B088-3A5042F75D52}") = "sum_of_ten_numbers", "sum_of_ten_numbers\sum_of_ten_numbers.pyproj", "{C1315498-615D-4591-A879-5B9C97011E62}"
EndProject
Global
	GlobalSection(SolutionConfigurationPlatforms) = preSolution
		Debug|Any CPU = Debug|Any CPU
		Release|Any CPU = Release|Any CPU
	EndGlobalSection
	GlobalSection(ProjectConfigurationPlatforms) = postSolution
		{C1315498-615D-4591-A879-5B9C97011E62}.Debug|Any CPU.ActiveCfg = Debug|Any CPU
		{C1315498-615D-4591-A879-5B9C97011E62}.Release|Any CPU.ActiveCfg = Release|Any CPU
	EndGlobalSection
	GlobalSection(SolutionProperties) = preSolution
		HideSolutionNode = FALSE
	EndGlobalSection
	GlobalSection(ExtensibilityGlobals) = postSolution
		SolutionGuid = {CCF6825B-25E5-49BD-A9DD-B4672FFA69FB}
	EndGlobalSection
EndGlobal
