
Microsoft Visual Studio Solution File, Format Version 12.00
# Visual Studio Version 17
VisualStudioVersion = 17.13.35818.85 d17.13
MinimumVisualStudioVersion = 10.0.40219.1
Project("{888888A0-9F3D-457C-B088-3A5042F75D52}") = "first_num_over_second_num", "first_num_over_second_num\first_num_over_second_num.pyproj", "{51418CF5-859E-4E31-99CB-A37841DBAAA7}"
EndProject
Global
	GlobalSection(SolutionConfigurationPlatforms) = preSolution
		Debug|Any CPU = Debug|Any CPU
		Release|Any CPU = Release|Any CPU
	EndGlobalSection
	GlobalSection(ProjectConfigurationPlatforms) = postSolution
		{51418CF5-859E-4E31-99CB-A37841DBAAA7}.Debug|Any CPU.ActiveCfg = Debug|Any CPU
		{51418CF5-859E-4E31-99CB-A37841DBAAA7}.Release|Any CPU.ActiveCfg = Release|Any CPU
	EndGlobalSection
	GlobalSection(SolutionProperties) = preSolution
		HideSolutionNode = FALSE
	EndGlobalSection
	GlobalSection(ExtensibilityGlobals) = postSolution
		SolutionGuid = {F9F918F3-28ED-4084-92EC-54E7F4CFE229}
	EndGlobalSection
EndGlobal
