
Microsoft Visual Studio Solution File, Format Version 12.00
# Visual Studio Version 17
VisualStudioVersion = 17.13.35818.85 d17.13
MinimumVisualStudioVersion = 10.0.40219.1
Project("{888888A0-9F3D-457C-B088-3A5042F75D52}") = "in_between", "in_between\in_between.pyproj", "{B20E7F02-CED2-4905-9B83-BDC039C13FEB}"
EndProject
Global
	GlobalSection(SolutionConfigurationPlatforms) = preSolution
		Debug|Any CPU = Debug|Any CPU
		Release|Any CPU = Release|Any CPU
	EndGlobalSection
	GlobalSection(ProjectConfigurationPlatforms) = postSolution
		{B20E7F02-CED2-4905-9B83-BDC039C13FEB}.Debug|Any CPU.ActiveCfg = Debug|Any CPU
		{B20E7F02-CED2-4905-9B83-BDC039C13FEB}.Release|Any CPU.ActiveCfg = Release|Any CPU
	EndGlobalSection
	GlobalSection(SolutionProperties) = preSolution
		HideSolutionNode = FALSE
	EndGlobalSection
	GlobalSection(ExtensibilityGlobals) = postSolution
		SolutionGuid = {A495CD99-8DB2-4EA0-ACFE-1D6B18CAC6BC}
	EndGlobalSection
EndGlobal
