
Microsoft Visual Studio Solution File, Format Version 12.00
# Visual Studio Version 17
VisualStudioVersion = 17.13.35818.85 d17.13
MinimumVisualStudioVersion = 10.0.40219.1
Project("{888888A0-9F3D-457C-B088-3A5042F75D52}") = "no_limit_input_average", "no_limit_input_average\no_limit_input_average.pyproj", "{1FAC47A7-73C7-4781-A00B-FE8A9CB70276}"
EndProject
Global
	GlobalSection(SolutionConfigurationPlatforms) = preSolution
		Debug|Any CPU = Debug|Any CPU
		Release|Any CPU = Release|Any CPU
	EndGlobalSection
	GlobalSection(ProjectConfigurationPlatforms) = postSolution
		{1FAC47A7-73C7-4781-A00B-FE8A9CB70276}.Debug|Any CPU.ActiveCfg = Debug|Any CPU
		{1FAC47A7-73C7-4781-A00B-FE8A9CB70276}.Release|Any CPU.ActiveCfg = Release|Any CPU
	EndGlobalSection
	GlobalSection(SolutionProperties) = preSolution
		HideSolutionNode = FALSE
	EndGlobalSection
	GlobalSection(ExtensibilityGlobals) = postSolution
		SolutionGuid = {CB8CDBB4-09AE-4622-8FD3-13E4B945DD6A}
	EndGlobalSection
EndGlobal
