
Microsoft Visual Studio Solution File, Format Version 12.00
# Visual Studio Version 17
VisualStudioVersion = 17.13.35818.85 d17.13
MinimumVisualStudioVersion = 10.0.40219.1
Project("{888888A0-9F3D-457C-B088-3A5042F75D52}") = "numbers_withouth_zero_and_five_ending", "numbers_withouth_zero_and_five_ending\numbers_withouth_zero_and_five_ending.pyproj", "{195BEF9F-D5E5-4C65-9050-5A3C175D2EF0}"
EndProject
Global
	GlobalSection(SolutionConfigurationPlatforms) = preSolution
		Debug|Any CPU = Debug|Any CPU
		Release|Any CPU = Release|Any CPU
	EndGlobalSection
	GlobalSection(ProjectConfigurationPlatforms) = postSolution
		{195BEF9F-D5E5-4C65-9050-5A3C175D2EF0}.Debug|Any CPU.ActiveCfg = Debug|Any CPU
		{195BEF9F-D5E5-4C65-9050-5A3C175D2EF0}.Release|Any CPU.ActiveCfg = Release|Any CPU
	EndGlobalSection
	GlobalSection(SolutionProperties) = preSolution
		HideSolutionNode = FALSE
	EndGlobalSection
	GlobalSection(ExtensibilityGlobals) = postSolution
		SolutionGuid = {A52B4CA3-D97F-48B1-9F34-914B9F6800E8}
	EndGlobalSection
EndGlobal
