
Microsoft Visual Studio Solution File, Format Version 12.00
# Visual Studio Version 17
VisualStudioVersion = 17.13.35818.85 d17.13
MinimumVisualStudioVersion = 10.0.40219.1
Project("{888888A0-9F3D-457C-B088-3A5042F75D52}") = "print_number_with_duplicate_but_one_entry_only", "print_number_with_duplicate_but_one_entry_only\print_number_with_duplicate_but_one_entry_only.pyproj", "{94878B00-2155-4578-BDB4-3C5AB0203C51}"
EndProject
Global
	GlobalSection(SolutionConfigurationPlatforms) = preSolution
		Debug|Any CPU = Debug|Any CPU
		Release|Any CPU = Release|Any CPU
	EndGlobalSection
	GlobalSection(ProjectConfigurationPlatforms) = postSolution
		{94878B00-2155-4578-BDB4-3C5AB0203C51}.Debug|Any CPU.ActiveCfg = Debug|Any CPU
		{94878B00-2155-4578-BDB4-3C5AB0203C51}.Release|Any CPU.ActiveCfg = Release|Any CPU
	EndGlobalSection
	GlobalSection(SolutionProperties) = preSolution
		HideSolutionNode = FALSE
	EndGlobalSection
	GlobalSection(ExtensibilityGlobals) = postSolution
		SolutionGuid = {641C69A8-C76A-412B-A6A2-2761C67ACD07}
	EndGlobalSection
EndGlobal
